{
  "name": "portfolia-static-assets",
  "version": "1.0.0",
  "lockfileVersion": 3,
  "requires": true,
  "packages": {
    "": {
      "name": "portfolia-static-assets",
      "version": "1.0.0",
      "devDependencies": {
        "@wllama/wllama": "3.6.1",
        "@wllama/wllama-compat": "3.6.1"
      }
    },
    "node_modules/@wllama/wllama": {
      "version": "3.6.1",
      "resolved": "https://registry.npmjs.org/@wllama/wllama/-/wllama-3.6.1.tgz",
      "integrity": "sha512-v6cA0w6sHuaTLmUo9nSU37Sln+5YqZy/OGWp2dXWaR3ts26yLiMnKHGGbjdzQolPSPydPSKUlHHSKZgXK5Prkw==",
      "dev": true,
      "license": "MIT"
    },
    "node_modules/@wllama/wllama-compat": {
      "version": "3.6.1",
      "resolved": "https://registry.npmjs.org/@wllama/wllama-compat/-/wllama-compat-3.6.1.tgz",
      "integrity": "sha512-1zSCrZEsb+mIZAofC8RW0Z9HTbLldMOVXLkbBgBt+Ca9FxT9K8VQnEtVTw/kXCu5LBiUkpzfxP7resZCnhY6Eg==",
      "dev": true,
      "license": "MIT"
    }
  }
}
